
Microsoft Visual Studio Solution File, Format Version 12.00
# Visual Studio Version 17
VisualStudioVersion = 17.10.35004.147
MinimumVisualStudioVersion = 10.0.40219.1
Project("{FAE04EC0-301F-11D3-BF4B-00C04F79EFBC}") = "EmployeeCRUD", "EmployeeCRUD\EmployeeCRUD.csproj", "{97C275EA-E8C6-48FF-BB1B-5ABE91F49F5D}"
EndProject
Global
	GlobalSection(SolutionConfigurationPlatforms) = preSolution
		Debug|Any CPU = Debug|Any CPU
		Release|Any CPU = Release|Any CPU
	EndGlobalSection
	GlobalSection(ProjectConfigurationPlatforms) = postSolution
		{97C275EA-E8C6-48FF-BB1B-5ABE91F49F5D}.Debug|Any CPU.ActiveCfg = Debug|Any CPU
		{97C275EA-E8C6-48FF-BB1B-5ABE91F49F5D}.Debug|Any CPU.Build.0 = Debug|Any CPU
		{97C275EA-E8C6-48FF-BB1B-5ABE91F49F5D}.Release|Any CPU.ActiveCfg = Release|Any CPU
		{97C275EA-E8C6-48FF-BB1B-5ABE91F49F5D}.Release|Any CPU.Build.0 = Release|Any CPU
	EndGlobalSection
	GlobalSection(SolutionProperties) = preSolution
		HideSolutionNode = FALSE
	EndGlobalSection
	GlobalSection(ExtensibilityGlobals) = postSolution
		SolutionGuid = {540A38F4-B0BC-4E96-9E1F-332E60F39FAD}
	EndGlobalSection
EndGlobal
